
Microsoft Visual Studio Solution File, Format Version 12.00
# Visual Studio Version 17
VisualStudioVersion = 17.2.32519.379
MinimumVisualStudioVersion = 10.0.40219.1
Project("{9A19103F-16F7-4668-BE54-9A1E7A4F7556}") = "ChatApp", "ChatApp.csproj", "{6809EEB2-2F89-46E9-BE38-01011208A487}"
EndProject
Global
	GlobalSection(SolutionConfigurationPlatforms) = preSolution
		Debug|Any CPU = Debug|Any CPU
		Release|Any CPU = Release|Any CPU
	EndGlobalSection
	GlobalSection(ProjectConfigurationPlatforms) = postSolution
		{6809EEB2-2F89-46E9-BE38-01011208A487}.Debug|Any CPU.ActiveCfg = Debug|Any CPU
		{6809EEB2-2F89-46E9-BE38-01011208A487}.Debug|Any CPU.Build.0 = Debug|Any CPU
		{6809EEB2-2F89-46E9-BE38-01011208A487}.Release|Any CPU.ActiveCfg = Release|Any CPU
		{6809EEB2-2F89-46E9-BE38-01011208A487}.Release|Any CPU.Build.0 = Release|Any CPU
	EndGlobalSection
	GlobalSection(SolutionProperties) = preSolution
		HideSolutionNode = FALSE
	EndGlobalSection
	GlobalSection(ExtensibilityGlobals) = postSolution
		SolutionGuid = {37C4E616-D67E-41A4-AC49-83E4CBF9619F}
	EndGlobalSection
EndGlobal
